// !$*UTF8*$!
{
	archiveVersion = 1;
	classes = {
	};
	objectVersion = 46;
	objects = {

/* Begin PBXBuildFile section */
		5DF5B9401E66F3BA008A8B46 /* main.m in Sources */ = {isa = PBXBuildFile; fileRef = 5DF5B93F1E66F3BA008A8B46 /* main.m */; };
		5DF5B9431E66F3BA008A8B46 /* AppDelegate.m in Sources */ = {isa = PBXBuildFile; fileRef = 5DF5B9421E66F3BA008A8B46 /* AppDelegate.m */; };
		5DF5B9461E66F3BA008A8B46 /* ViewController.m in Sources */ = {isa = PBXBuildFile; fileRef = 5DF5B9451E66F3BA008A8B46 /* ViewController.m */; };
		5DF5B9491E66F3BA008A8B46 /* Main.storyboard in Resources */ = {isa = PBXBuildFile; fileRef = 5DF5B9471E66F3BA008A8B46 /* Main.storyboard */; };
		5DF5B94B1E66F3BA008A8B46 /* Assets.xcassets in Resources */ = {isa = PBXBuildFile; fileRef = 5DF5B94A1E66F3BA008A8B46 /* Assets.xcassets */; };
		5DF5B94E1E66F3BA008A8B46 /* LaunchScreen.storyboard in Resources */ = {isa = PBXBuildFile; fileRef = 5DF5B94C1E66F3BA008A8B46 /* LaunchScreen.storyboard */; };
/* End PBXBuildFile section */

/* Begin PBXFileReference section */
		5DF5B93B1E66F3BA008A8B46 /* Lesson2.1Homework.app */ = {isa = PBXFileReference; explicitFileType = wrapper.application; includeInIndex = 0; path = Lesson2.1Homework.app; sourceTree = BUILT_PRODUCTS_DIR; };
		5DF5B93F1E66F3BA008A8B46 /* main.m */ = {isa = PBXFileReference; lastKnownFileType = sourcecode.c.objc; path = main.m; sourceTree = "<group>"; };
		5DF5B9411E66F3BA008A8B46 /* AppDelegate.h */ = {isa = PBXFileReference; lastKnownFileType = sourcecode.c.h; path = AppDelegate.h; sourceTree = "<group>"; };
		5DF5B9421E66F3BA008A8B46 /* AppDelegate.m */ = {isa = PBXFileReference; lastKnownFileType = sourcecode.c.objc; path = AppDelegate.m; sourceTree = "<group>"; };
		5DF5B9441E66F3BA008A8B46 /* ViewController.h */ = {isa = PBXFileReference; lastKnownFileType = sourcecode.c.h; path = ViewController.h; sourceTree = "<group>"; };
		5DF5B9451E66F3BA008A8B46 /* ViewController.m */ = {isa = PBXFileReference; lastKnownFileType = sourcecode.c.objc; path = ViewController.m; sourceTree = "<group>"; };
		5DF5B9481E66F3BA008A8B46 /* Base */ = {isa = PBXFileReference; lastKnownFileType = file.storyboard; name = Base; path = Base.lproj/Main.storyboard; sourceTree = "<group>"; };
		5DF5B94A1E66F3BA008A8B46 /* Assets.xcassets */ = {isa = PBXFileReference; lastKnownFileType = folder.assetcatalog; path = Assets.xcassets; sourceTree = "<group>"; };
		5DF5B94D1E66F3BA008A8B46 /* Base */ = {isa = PBXFileReference; lastKnownFileType = file.storyboard; name = Base; path = Base.lproj/LaunchScreen.storyboard; sourceTree = "<group>"; };
		5DF5B94F1E66F3BA008A8B46 /* Info.plist */ = {isa = PBXFileReference; lastKnownFileType = text.plist.xml; path = Info.plist; sourceTree = "<group>"; };
/* End PBXFileReference section */

/* Begin PBXFrameworksBuildPhase section */
		5DF5B9381E66F3BA008A8B46 /* Frameworks */ = {
			isa = PBXFrameworksBuildPhase;
			buildActionMask = 2147483647;
			files = (
			);
			runOnlyForDeploymentPostprocessing = 0;
		};
/* End PBXFrameworksBuildPhase section */

/* Begin PBXGroup section */
		5DF5B9321E66F3BA008A8B46 = {
			isa = PBXGroup;
			children = (
				5DF5B93D1E66F3BA008A8B46 /* Lesson2.1Homework */,
				5DF5B93C1E66F3BA008A8B46 /* Products */,
			);
			sourceTree = "<group>";
		};
		5DF5B93C1E66F3BA008A8B46 /* Products */ = {
			isa = PBXGroup;
			children = (
				5DF5B93B1E66F3BA008A8B46 /* Lesson2.1Homework.app */,
			);
			name = Products;
			sourceTree = "<group>";
		};
		5DF5B93D1E66F3BA008A8B46 /* Lesson2.1Homework */ = {
			isa = PBXGroup;
			children = (
				5DF5B9411E66F3BA008A8B46 /* AppDelegate.h */,
				5DF5B9421E66F3BA008A8B46 /* AppDelegate.m */,
				5DF5B9441E66F3BA008A8B46 /* ViewController.h */,
				5DF5B9451E66F3BA008A8B46 /* ViewController.m */,
				5DF5B9471E66F3BA008A8B46 /* Main.storyboard */,
				5DF5B94A1E66F3BA008A8B46 /* Assets.xcassets */,
				5DF5B94C1E66F3BA008A8B46 /* LaunchScreen.storyboard */,
				5DF5B94F1E66F3BA008A8B46 /* Info.plist */,
				5DF5B93E1E66F3BA008A8B46 /* Supporting Files */,
			);
			path = Lesson2.1Homework;
			sourceTree = "<group>";
		};
		5DF5B93E1E66F3BA008A8B46 /* Supporting Files */ = {
			isa = PBXGroup;
			children = (
				5DF5B93F1E66F3BA008A8B46 /* main.m */,
			);
			name = "Supporting Files";
			sourceTree = "<group>";
		};
/* End PBXGroup section */

/* Begin PBXNativeTarget section */
		5DF5B93A1E66F3BA008A8B46 /* Lesson2.1Homework */ = {
			isa = PBXNativeTarget;
			buildConfigurationList = 5DF5B9521E66F3BA008A8B46 /* Build configuration list for PBXNativeTarget "Lesson2.1Homework" */;
			buildPhases = (
				5DF5B9371E66F3BA008A8B46 /* Sources */,
				5DF5B9381E66F3BA008A8B46 /* Frameworks */,
				5DF5B9391E66F3BA008A8B46 /* Resources */,
			);
			buildRules = (
			);
			dependencies = (
			);
			name = Lesson2.1Homework;
			productName = Lesson2.1Homework;
			productReference = 5DF5B93B1E66F3BA008A8B46 /* Lesson2.1Homework.app */;
			productType = "com.apple.product-type.application";
		};
/* End PBXNativeTarget section */

/* Begin PBXProject section */
		5DF5B9331E66F3BA008A8B46 /* Project object */ = {
			isa = PBXProject;
			attributes = {
				LastUpgradeCheck = 0800;
				ORGANIZATIONNAME = "Alex Kotishevskiy";
				TargetAttributes = {
					5DF5B93A1E66F3BA008A8B46 = {
						CreatedOnToolsVersion = 8.0;
						ProvisioningStyle = Automatic;
					};
				};
			};
			buildConfigurationList = 5DF5B9361E66F3BA008A8B46 /* Build configuration list for PBXProject "Lesson2.1Homework" */;
			compatibilityVersion = "Xcode 3.2";
			developmentRegion = English;
			hasScannedForEncodings = 0;
			knownRegions = (
				en,
				Base,
			);
			mainGroup = 5DF5B9321E66F3BA008A8B46;
			productRefGroup = 5DF5B93C1E66F3BA008A8B46 /* Products */;
			projectDirPath = "";
			projectRoot = "";
			targets = (
				5DF5B93A1E66F3BA008A8B46 /* Lesson2.1Homework */,
			);
		};
/* End PBXProject section */

/* Begin PBXResourcesBuildPhase section */
		5DF5B9391E66F3BA008A8B46 /* Resources */ = {
			isa = PBXResourcesBuildPhase;
			buildActionMask = 2147483647;
			files = (
				5DF5B94E1E66F3BA008A8B46 /* LaunchScreen.storyboard in Resources */,
				5DF5B94B1E66F3BA008A8B46 /* Assets.xcassets in Resources */,
				5DF5B9491E66F3BA008A8B46 /* Main.storyboard in Resources */,
			);
			runOnlyForDeploymentPostprocessing = 0;
		};
/* End PBXResourcesBuildPhase section */

/* Begin PBXSourcesBuildPhase section */
		5DF5B9371E66F3BA008A8B46 /* Sources */ = {
			isa = PBXSourcesBuildPhase;
			buildActionMask = 2147483647;
			files = (
				5DF5B9461E66F3BA008A8B46 /* ViewController.m in Sources */,
				5DF5B9431E66F3BA008A8B46 /* AppDelegate.m in Sources */,
				5DF5B9401E66F3BA008A8B46 /* main.m in Sources */,
			);
			runOnlyForDeploymentPostprocessing = 0;
		};
/* End PBXSourcesBuildPhase section */

/* Begin PBXVariantGroup section */
		5DF5B9471E66F3BA008A8B46 /* Main.storyboard */ = {
			isa = PBXVariantGroup;
			children = (
				5DF5B9481E66F3BA008A8B46 /* Base */,
			);
			name = Main.storyboard;
			sourceTree = "<group>";
		};
		5DF5B94C1E66F3BA008A8B46 /* LaunchScreen.storyboard */ = {
			isa = PBXVariantGroup;
			children = (
				5DF5B94D1E66F3BA008A8B46 /* Base */,
			);
			name = LaunchScreen.storyboard;
			sourceTree = "<group>";
		};
/* End PBXVariantGroup section */

/* Begin XCBuildConfiguration section */
		5DF5B9501E66F3BA008A8B46 /* Debug */ = {
			isa = XCBuildConfiguration;
			buildSettings = {
				ALWAYS_SEARCH_USER_PATHS = NO;
				CLANG_ANALYZER_NONNULL = YES;
				CLANG_CXX_LANGUAGE_STANDARD = "gnu++0x";
				CLANG_CXX_LIBRARY = "libc++";
				CLANG_ENABLE_MODULES = YES;
				CLANG_ENABLE_OBJC_ARC = YES;
				CLANG_WARN_BOOL_CONVERSION = YES;
				CLANG_WARN_CONSTANT_CONVERSION = YES;
				CLANG_WARN_DIRECT_OBJC_ISA_USAGE = YES_ERROR;
				CLANG_WARN_DOCUMENTATION_COMMENTS = YES;
				CLANG_WARN_EMPTY_BODY = YES;
				CLANG_WARN_ENUM_CONVERSION = YES;
				CLANG_WARN_INFINITE_RECURSION = YES;
				CLANG_WARN_INT_CONVERSION = YES;
				CLANG_WARN_OBJC_ROOT_CLASS = YES_ERROR;
				CLANG_WARN_SUSPICIOUS_MOVES = YES;
				CLANG_WARN_UNREACHABLE_CODE = YES;
				CLANG_WARN__DUPLICATE_METHOD_MATCH = YES;
				"CODE_SIGN_IDENTITY[sdk=iphoneos*]" = "iPhone Developer";
				COPY_PHASE_STRIP = NO;
				DEBUG_INFORMATION_FORMAT = dwarf;
				ENABLE_STRICT_OBJC_MSGSEND = YES;
				ENABLE_TESTABILITY = YES;
				GCC_C_LANGUAGE_STANDARD = gnu99;
				GCC_DYNAMIC_NO_PIC = NO;
				GCC_NO_COMMON_BLOCKS = YES;
				GCC_OPTIMIZATION_LEVEL = 0;
				GCC_PREPROCESSOR_DEFINITIONS = (
					"DEBUG=1",
					"$(inherited)",
				);
				GCC_WARN_64_TO_32_BIT_CONVERSION = YES;
				GCC_WARN_ABOUT_RETURN_TYPE = YES_ERROR;
				GCC_WARN_UNDECLARED_SELECTOR = YES;
				GCC_WARN_UNINITIALIZED_AUTOS = YES_AGGRESSIVE;
				GCC_WARN_UNUSED_FUNCTION = YES;
				GCC_WARN_UNUSED_VARIABLE = YES;
				IPHONEOS_DEPLOYMENT_TARGET = 10.0;
				MTL_ENABLE_DEBUG_INFO = YES;
				ONLY_ACTIVE_ARCH = YES;
				SDKROOT = iphoneos;
				TARGETED_DEVICE_FAMILY = "1,2";
			};
			name = Debug;
		};
		5DF5B9511E66F3BA008A8B46 /* Release */ = {
			isa = XCBuildConfiguration;
			buildSettings = {
				ALWAYS_SEARCH_USER_PATHS = NO;
				CLANG_ANALYZER_NONNULL = YES;
				CLANG_CXX_LANGUAGE_STANDARD = "gnu++0x";
				CLANG_CXX_LIBRARY = "libc++";
				CLANG_ENABLE_MODULES = YES;
				CLANG_ENABLE_OBJC_ARC = YES;
				CLANG_WARN_BOOL_CONVERSION = YES;
				CLANG_WARN_CONSTANT_CONVERSION = YES;
				CLANG_WARN_DIRECT_OBJC_ISA_USAGE = YES_ERROR;
				CLANG_WARN_DOCUMENTATION_COMMENTS = YES;
				CLANG_WARN_EMPTY_BODY = YES;
				CLANG_WARN_ENUM_CONVERSION = YES;
				CLANG_WARN_INFINITE_RECURSION = YES;
				CLANG_WARN_INT_CONVERSION = YES;
				CLANG_WARN_OBJC_ROOT_CLASS = YES_ERROR;
				CLANG_WARN_SUSPICIOUS_MOVES = YES;
				CLANG_WARN_UNREACHABLE_CODE = YES;
				CLANG_WARN__DUPLICATE_METHOD_MATCH = YES;
				"CODE_SIGN_IDENTITY[sdk=iphoneos*]" = "iPhone Developer";
				COPY_PHASE_STRIP = NO;
				DEBUG_INFORMATION_FORMAT = "dwarf-with-dsym";
				ENABLE_NS_ASSERTIONS = NO;
				ENABLE_STRICT_OBJC_MSGSEND = YES;
				GCC_C_LANGUAGE_STANDARD = gnu99;
				GCC_NO_COMMON_BLOCKS = YES;
				GCC_WARN_64_TO_32_BIT_CONVERSION = YES;
				GCC_WARN_ABOUT_RETURN_TYPE = YES_ERROR;
				GCC_WARN_UNDECLARED_SELECTOR = YES;
				GCC_WARN_UNINITIALIZED_AUTOS = YES_AGGRESSIVE;
				GCC_WARN_UNUSED_FUNCTION = YES;
				GCC_WARN_UNUSED_VARIABLE = YES;
				IPHONEOS_DEPLOYMENT_TARGET = 10.0;
				MTL_ENABLE_DEBUG_INFO = NO;
				SDKROOT = iphoneos;
				TARGETED_DEVICE_FAMILY = "1,2";
				VALIDATE_PRODUCT = YES;
			};
			name = Release;
		};
		5DF5B9531E66F3BA008A8B46 /* Debug */ = {
			isa = XCBuildConfiguration;
			buildSettings = {
				ASSETCATALOG_COMPILER_APPICON_NAME = AppIcon;
				INFOPLIST_FILE = Lesson2.1Homework/Info.plist;
				LD_RUNPATH_SEARCH_PATHS = "$(inherited) @executable_path/Frameworks";
				PRODUCT_BUNDLE_IDENTIFIER = "geekbrains.Lesson2-1Homework";
				PRODUCT_NAME = "$(TARGET_NAME)";
			};
			name = Debug;
		};
		5DF5B9541E66F3BA008A8B46 /* Release */ = {
			isa = XCBuildConfiguration;
			buildSettings = {
				ASSETCATALOG_COMPILER_APPICON_NAME = AppIcon;
				INFOPLIST_FILE = Lesson2.1Homework/Info.plist;
				LD_RUNPATH_SEARCH_PATHS = "$(inherited) @executable_path/Frameworks";
				PRODUCT_BUNDLE_IDENTIFIER = "geekbrains.Lesson2-1Homework";
				PRODUCT_NAME = "$(TARGET_NAME)";
			};
			name = Release;
		};
/* End XCBuildConfiguration section */

/* Begin XCConfigurationList section */
		5DF5B9361E66F3BA008A8B46 /* Build configuration list for PBXProject "Lesson2.1Homework" */ = {
			isa = XCConfigurationList;
			buildConfigurations = (
				5DF5B9501E66F3BA008A8B46 /* Debug */,
				5DF5B9511E66F3BA008A8B46 /* Release */,
			);
			defaultConfigurationIsVisible = 0;
			defaultConfigurationName = Release;
		};
		5DF5B9521E66F3BA008A8B46 /* Build configuration list for PBXNativeTarget "Lesson2.1Homework" */ = {
			isa = XCConfigurationList;
			buildConfigurations = (
				5DF5B9531E66F3BA008A8B46 /* Debug */,
				5DF5B9541E66F3BA008A8B46 /* Release */,
			);
			defaultConfigurationIsVisible = 0;
		};
/* End XCConfigurationList section */
	};
	rootObject = 5DF5B9331E66F3BA008A8B46 /* Project object */;
}
